filippo.io/edwards25519 v1.1.0 h1:FNf4tywRC1HmFuKW5xopWpigGjJKiJSV0Cqo0cJWDaA=
filippo.io/edwards25519 v1.1.0/go.mod h1:BxyFTGdWcka3PhytdK4V28tE5sGfRvvvRV7EaN4VDT4=
github.com/blocto/solana-go-sdk v1.30.0 h1:GEh4GDjYk1lMhV/hqJDCyuDeCuc5dianbN33yxL88NU=
github.com/blocto/solana-go-sdk v1.30.0/go.mod h1:Xoyhhb3hrGpEQ5rJps5a3OgMwDpmEhrd9bgzFKkkwMs=
github.com/mr-tron/base58 v1.2.0 h1:T/HDJBh4ZCPbU39/+c3rRvE0uKBQlU27+QI8LJ4t64o=
github.com/mr-tron/base58 v1.2.0/go.mod h1:BinMc/sQntlIE1frQmRFPUoPA1Zkr8VRgBdjWI2mNwc=
